# @generated - this file is auto-generated by `mise lock` https://mise.jdx.dev/dev-tools/mise-lock.html

[[tools."cargo:cbindgen"]]
version = "0.29.4"
backend = "cargo:cbindgen"

[[tools.gradle]]
version = "9.6.1"
backend = "aqua:gradle/gradle"

[tools.gradle."platforms.linux-arm64"]
checksum = "sha256:9c0f7faeeb306cb14e4279a3e084ca6b596894089a0638e68a07c945a32c9e14"
url = "https://github.com/gradle/gradle-distributions/releases/download/v9.6.1/gradle-9.6.1-bin.zip"
url_api = "https://api.github.com/repos/gradle/gradle-distributions/releases/assets/458711386"

[tools.gradle."platforms.linux-arm64-musl"]
checksum = "sha256:9c0f7faeeb306cb14e4279a3e084ca6b596894089a0638e68a07c945a32c9e14"
url = "https://github.com/gradle/gradle-distributions/releases/download/v9.6.1/gradle-9.6.1-bin.zip"
url_api = "https://api.github.com/repos/gradle/gradle-distributions/releases/assets/458711386"

[tools.gradle."platforms.linux-x64"]
checksum = "sha256:9c0f7faeeb306cb14e4279a3e084ca6b596894089a0638e68a07c945a32c9e14"
url = "https://github.com/gradle/gradle-distributions/releases/download/v9.6.1/gradle-9.6.1-bin.zip"
url_api = "https://api.github.com/repos/gradle/gradle-distributions/releases/assets/458711386"

[tools.gradle."platforms.linux-x64-musl"]
checksum = "sha256:9c0f7faeeb306cb14e4279a3e084ca6b596894089a0638e68a07c945a32c9e14"
url = "https://github.com/gradle/gradle-distributions/releases/download/v9.6.1/gradle-9.6.1-bin.zip"
url_api = "https://api.github.com/repos/gradle/gradle-distributions/releases/assets/458711386"

[tools.gradle."platforms.macos-arm64"]
checksum = "sha256:9c0f7faeeb306cb14e4279a3e084ca6b596894089a0638e68a07c945a32c9e14"
url = "https://github.com/gradle/gradle-distributions/releases/download/v9.6.1/gradle-9.6.1-bin.zip"
url_api = "https://api.github.com/repos/gradle/gradle-distributions/releases/assets/458711386"

[tools.gradle."platforms.macos-x64"]
checksum = "sha256:9c0f7faeeb306cb14e4279a3e084ca6b596894089a0638e68a07c945a32c9e14"
url = "https://github.com/gradle/gradle-distributions/releases/download/v9.6.1/gradle-9.6.1-bin.zip"
url_api = "https://api.github.com/repos/gradle/gradle-distributions/releases/assets/458711386"

[tools.gradle."platforms.windows-x64"]
checksum = "sha256:9c0f7faeeb306cb14e4279a3e084ca6b596894089a0638e68a07c945a32c9e14"
url = "https://github.com/gradle/gradle-distributions/releases/download/v9.6.1/gradle-9.6.1-bin.zip"
url_api = "https://api.github.com/repos/gradle/gradle-distributions/releases/assets/458711386"

[[tools."http:jextract"]]
version = "25-jextract+2-4"
backend = "http:jextract"

[tools."http:jextract"."platforms.linux-arm64"]
checksum = "sha256:0e25e6f6efa042f8758eaec65a873887fd2247fcf2e3e22dcfd7e4179fc8b0ae"
url = "https://download.java.net/java/early_access/jextract/25/2/openjdk-25-jextract+2-4_linux-aarch64_bin.tar.gz"

[tools."http:jextract"."platforms.linux-arm64-musl"]
checksum = "sha256:0e25e6f6efa042f8758eaec65a873887fd2247fcf2e3e22dcfd7e4179fc8b0ae"
url = "https://download.java.net/java/early_access/jextract/25/2/openjdk-25-jextract+2-4_linux-aarch64_bin.tar.gz"

[tools."http:jextract"."platforms.linux-x64"]
checksum = "sha256:d0cc481abc1adb16fb9514e1c5e0bfc08d38c29228bece667fb5054ceaffaa42"
url = "https://download.java.net/java/early_access/jextract/25/2/openjdk-25-jextract+2-4_linux-x64_bin.tar.gz"

[tools."http:jextract"."platforms.linux-x64-musl"]
checksum = "sha256:d0cc481abc1adb16fb9514e1c5e0bfc08d38c29228bece667fb5054ceaffaa42"
url = "https://download.java.net/java/early_access/jextract/25/2/openjdk-25-jextract+2-4_linux-x64_bin.tar.gz"

[tools."http:jextract"."platforms.macos-arm64"]
checksum = "sha256:3dd1dd1bde059d271739e2cc2290c64f93f85488c86c01e566c0e374eece798f"
url = "https://download.java.net/java/early_access/jextract/25/2/openjdk-25-jextract+2-4_macos-aarch64_bin.tar.gz"

[tools."http:jextract"."platforms.macos-x64"]
checksum = "sha256:6ae7a46e7e7b56f077ab72623c0a894a8d525d5b698c90785b97c241f95a99b1"
url = "https://download.java.net/java/early_access/jextract/25/2/openjdk-25-jextract+2-4_macos-x64_bin.tar.gz"

[tools."http:jextract"."platforms.windows-x64"]
checksum = "sha256:b03533eb6b249a154752b7c7bf93cdb8c147cf2f9699422e615e84b7fb652872"
url = "https://download.java.net/java/early_access/jextract/25/2/openjdk-25-jextract+2-4_windows-x64_bin.tar.gz"

[[tools.java]]
version = "25.0.2"
backend = "core:java"

[tools.java.options]
shorthand_vendor = "openjdk"

[tools.java."platforms.linux-arm64"]
checksum = "sha256:671208d205e70c9805da45a483f670d49dd64654990a7b7223ccffb2abb070dd"
url = "https://download.java.net/java/GA/jdk25.0.2/b1e0dfa218384cb9959bdcb897162d4e/10/GPL/openjdk-25.0.2_linux-aarch64_bin.tar.gz"

[tools.java."platforms.linux-x64"]
checksum = "sha256:555ce0821e4fe175ea50d54518cd6fbece9663c1998de529bc6ce429534457df"
url = "https://download.java.net/java/GA/jdk25.0.2/b1e0dfa218384cb9959bdcb897162d4e/10/GPL/openjdk-25.0.2_linux-x64_bin.tar.gz"

[tools.java."platforms.macos-arm64"]
checksum = "sha256:7581b0d1752cd5acbf39e286c03f07b6cd6c205b562eb2fe753ff0253cf4c1bf"
url = "https://download.java.net/java/GA/jdk25.0.2/b1e0dfa218384cb9959bdcb897162d4e/10/GPL/openjdk-25.0.2_macos-aarch64_bin.tar.gz"

[tools.java."platforms.macos-x64"]
checksum = "sha256:4ec2f4bc47b057fdf9cda07af27fae8f3605e90fa963d4240d63baeb46ede460"
url = "https://download.java.net/java/GA/jdk25.0.2/b1e0dfa218384cb9959bdcb897162d4e/10/GPL/openjdk-25.0.2_macos-x64_bin.tar.gz"

[tools.java."platforms.windows-x64"]
checksum = "sha256:74784a0c07258f32d36e9224dd79187c566d831c30d47dc06888d4212087331d"
url = "https://download.java.net/java/GA/jdk25.0.2/b1e0dfa218384cb9959bdcb897162d4e/10/GPL/openjdk-25.0.2_windows-x64_bin.zip"
